
Microsoft Visual Studio Solution File, Format Version 12.00
# Visual Studio Version 16
VisualStudioVersion = 16.0.30128.74
MinimumVisualStudioVersion = 10.0.40219.1
Project("{FAE04EC0-301F-11D3-BF4B-00C04F79EFBC}") = "ConsoleApp2_5", "ConsoleApp2_5\ConsoleApp2_5.csproj", "{762727E8-B2AD-4055-92A5-1C3CB04B9DCA}"
EndProject
Global
	GlobalSection(SolutionConfigurationPlatforms) = preSolution
		Debug|Any CPU = Debug|Any CPU
		Release|Any CPU = Release|Any CPU
	EndGlobalSection
	GlobalSection(ProjectConfigurationPlatforms) = postSolution
		{762727E8-B2AD-4055-92A5-1C3CB04B9DCA}.Debug|Any CPU.ActiveCfg = Debug|Any CPU
		{762727E8-B2AD-4055-92A5-1C3CB04B9DCA}.Debug|Any CPU.Build.0 = Debug|Any CPU
		{762727E8-B2AD-4055-92A5-1C3CB04B9DCA}.Release|Any CPU.ActiveCfg = Release|Any CPU
		{762727E8-B2AD-4055-92A5-1C3CB04B9DCA}.Release|Any CPU.Build.0 = Release|Any CPU
	EndGlobalSection
	GlobalSection(SolutionProperties) = preSolution
		HideSolutionNode = FALSE
	EndGlobalSection
	GlobalSection(ExtensibilityGlobals) = postSolution
		SolutionGuid = {F3160ADD-530A-4582-A07D-E9CB0E9560CD}
	EndGlobalSection
EndGlobal
