
Microsoft Visual Studio Solution File, Format Version 12.00
# Visual Studio Version 16
VisualStudioVersion = 16.0.30128.74
MinimumVisualStudioVersion = 10.0.40219.1
Project("{FAE04EC0-301F-11D3-BF4B-00C04F79EFBC}") = "ConsoleApp3_3", "ConsoleApp3_3\ConsoleApp3_3.csproj", "{C37960B2-6D89-4C7B-A762-2C8CEB345511}"
EndProject
Global
	GlobalSection(SolutionConfigurationPlatforms) = preSolution
		Debug|Any CPU = Debug|Any CPU
		Release|Any CPU = Release|Any CPU
	EndGlobalSection
	GlobalSection(ProjectConfigurationPlatforms) = postSolution
		{C37960B2-6D89-4C7B-A762-2C8CEB345511}.Debug|Any CPU.ActiveCfg = Debug|Any CPU
		{C37960B2-6D89-4C7B-A762-2C8CEB345511}.Debug|Any CPU.Build.0 = Debug|Any CPU
		{C37960B2-6D89-4C7B-A762-2C8CEB345511}.Release|Any CPU.ActiveCfg = Release|Any CPU
		{C37960B2-6D89-4C7B-A762-2C8CEB345511}.Release|Any CPU.Build.0 = Release|Any CPU
	EndGlobalSection
	GlobalSection(SolutionProperties) = preSolution
		HideSolutionNode = FALSE
	EndGlobalSection
	GlobalSection(ExtensibilityGlobals) = postSolution
		SolutionGuid = {A30B8A71-EB51-4BAA-915A-E70DECD2EE3C}
	EndGlobalSection
EndGlobal
